
Microsoft Visual Studio Solution File, Format Version 12.00
# Visual Studio Version 16
VisualStudioVersion = 16.0.31410.357
MinimumVisualStudioVersion = 10.0.40219.1
Project("{FAE04EC0-301F-11D3-BF4B-00C04F79EFBC}") = "FinalProjectGUIDraft", "FinalProjectGUIDraft.csproj", "{5D861D26-3ABC-4F73-B1DE-5FC6DAAB722E}"
EndProject
Global
	GlobalSection(SolutionConfigurationPlatforms) = preSolution
		Debug|Any CPU = Debug|Any CPU
		Release|Any CPU = Release|Any CPU
	EndGlobalSection
	GlobalSection(ProjectConfigurationPlatforms) = postSolution
		{5D861D26-3ABC-4F73-B1DE-5FC6DAAB722E}.Debug|Any CPU.ActiveCfg = Debug|Any CPU
		{5D861D26-3ABC-4F73-B1DE-5FC6DAAB722E}.Debug|Any CPU.Build.0 = Debug|Any CPU
		{5D861D26-3ABC-4F73-B1DE-5FC6DAAB722E}.Release|Any CPU.ActiveCfg = Release|Any CPU
		{5D861D26-3ABC-4F73-B1DE-5FC6DAAB722E}.Release|Any CPU.Build.0 = Release|Any CPU
	EndGlobalSection
	GlobalSection(SolutionProperties) = preSolution
		HideSolutionNode = FALSE
	EndGlobalSection
	GlobalSection(ExtensibilityGlobals) = postSolution
		SolutionGuid = {A7EC60B6-B168-4B22-8512-02898413FC2B}
	EndGlobalSection
EndGlobal
